
Microsoft Visual Studio Solution File, Format Version 12.00
# Visual Studio 15
VisualStudioVersion = 15.0.28307.329
MinimumVisualStudioVersion = 10.0.40219.1
Project("{FAE04EC0-301F-11D3-BF4B-00C04F79EFBC}") = "WebTemplateNETCore", "WebTemplateNETCore.csproj", "{4BA30101-2E45-4621-8C80-37F96003A92E}"
EndProject
Global
	GlobalSection(SolutionConfigurationPlatforms) = preSolution
		Debug|Any CPU = Debug|Any CPU
		Release|Any CPU = Release|Any CPU
	EndGlobalSection
	GlobalSection(ProjectConfigurationPlatforms) = postSolution
		{4BA30101-2E45-4621-8C80-37F96003A92E}.Debug|Any CPU.ActiveCfg = Debug|Any CPU
		{4BA30101-2E45-4621-8C80-37F96003A92E}.Debug|Any CPU.Build.0 = Debug|Any CPU
		{4BA30101-2E45-4621-8C80-37F96003A92E}.Release|Any CPU.ActiveCfg = Release|Any CPU
		{4BA30101-2E45-4621-8C80-37F96003A92E}.Release|Any CPU.Build.0 = Release|Any CPU
	EndGlobalSection
	GlobalSection(SolutionProperties) = preSolution
		HideSolutionNode = FALSE
	EndGlobalSection
	GlobalSection(ExtensibilityGlobals) = postSolution
		SolutionGuid = {696A458B-2CFD-471E-B7AF-2E3E44263F3A}
	EndGlobalSection
EndGlobal
